
Microsoft Visual Studio Solution File, Format Version 12.00
# Visual Studio Version 16
VisualStudioVersion = 16.0.30517.126
MinimumVisualStudioVersion = 10.0.40219.1
Project("{FAE04EC0-301F-11D3-BF4B-00C04F79EFBC}") = "Vlak", "Vlak\Vlak.csproj", "{0D3A940B-F0E6-4910-88B4-5BDAA8FFED5B}"
EndProject
Project("{2150E333-8FDC-42A3-9474-1A3956D46DE8}") = "Solution Items", "Solution Items", "{1A2A94B5-3CDA-4E6D-9C8A-FB3C0796A5D2}"
	ProjectSection(SolutionItems) = preProject
		.editorconfig = .editorconfig
	EndProjectSection
EndProject
Global
	GlobalSection(SolutionConfigurationPlatforms) = preSolution
		Debug|Any CPU = Debug|Any CPU
		Release|Any CPU = Release|Any CPU
	EndGlobalSection
	GlobalSection(ProjectConfigurationPlatforms) = postSolution
		{0D3A940B-F0E6-4910-88B4-5BDAA8FFED5B}.Debug|Any CPU.ActiveCfg = Debug|Any CPU
		{0D3A940B-F0E6-4910-88B4-5BDAA8FFED5B}.Debug|Any CPU.Build.0 = Debug|Any CPU
		{0D3A940B-F0E6-4910-88B4-5BDAA8FFED5B}.Release|Any CPU.ActiveCfg = Release|Any CPU
		{0D3A940B-F0E6-4910-88B4-5BDAA8FFED5B}.Release|Any CPU.Build.0 = Release|Any CPU
	EndGlobalSection
	GlobalSection(SolutionProperties) = preSolution
		HideSolutionNode = FALSE
	EndGlobalSection
	GlobalSection(ExtensibilityGlobals) = postSolution
		SolutionGuid = {D1B2F818-52C4-4EC6-AB5A-6A28B33A87C5}
	EndGlobalSection
EndGlobal
